
Microsoft Visual Studio Solution File, Format Version 12.00
# Visual Studio Version 16
VisualStudioVersion = 16.0.31702.278
MinimumVisualStudioVersion = 10.0.40219.1
Project("{9A19103F-16F7-4668-BE54-9A1E7A4F7556}") = "Turing Simulator - Desktop", "Turing Simulator - Desktop.csproj", "{864F9B5C-C858-4CE1-B2D7-9B55057C7812}"
EndProject
Project("{FAE04EC0-301F-11D3-BF4B-00C04F79EFBC}") = "Stub", "Stub\Stub.csproj", "{E6D8850C-F50B-42E8-BE57-65C14A52A41B}"
EndProject
Global
	GlobalSection(SolutionConfigurationPlatforms) = preSolution
		Debug|Any CPU = Debug|Any CPU
		ExportDebug|Any CPU = ExportDebug|Any CPU
		ExportRelease|Any CPU = ExportRelease|Any CPU
		Release|Any CPU = Release|Any CPU
	EndGlobalSection
	GlobalSection(ProjectConfigurationPlatforms) = postSolution
		{864F9B5C-C858-4CE1-B2D7-9B55057C7812}.Debug|Any CPU.ActiveCfg = Debug|Any CPU
		{864F9B5C-C858-4CE1-B2D7-9B55057C7812}.Debug|Any CPU.Build.0 = Debug|Any CPU
		{864F9B5C-C858-4CE1-B2D7-9B55057C7812}.ExportDebug|Any CPU.ActiveCfg = ExportDebug|Any CPU
		{864F9B5C-C858-4CE1-B2D7-9B55057C7812}.ExportDebug|Any CPU.Build.0 = ExportDebug|Any CPU
		{864F9B5C-C858-4CE1-B2D7-9B55057C7812}.ExportRelease|Any CPU.ActiveCfg = ExportRelease|Any CPU
		{864F9B5C-C858-4CE1-B2D7-9B55057C7812}.ExportRelease|Any CPU.Build.0 = ExportRelease|Any CPU
		{864F9B5C-C858-4CE1-B2D7-9B55057C7812}.Release|Any CPU.ActiveCfg = ExportRelease|Any CPU
		{864F9B5C-C858-4CE1-B2D7-9B55057C7812}.Release|Any CPU.Build.0 = ExportRelease|Any CPU
		{E6D8850C-F50B-42E8-BE57-65C14A52A41B}.Debug|Any CPU.ActiveCfg = Debug|Any CPU
		{E6D8850C-F50B-42E8-BE57-65C14A52A41B}.Debug|Any CPU.Build.0 = Debug|Any CPU
		{E6D8850C-F50B-42E8-BE57-65C14A52A41B}.ExportDebug|Any CPU.ActiveCfg = Debug|Any CPU
		{E6D8850C-F50B-42E8-BE57-65C14A52A41B}.ExportDebug|Any CPU.Build.0 = Debug|Any CPU
		{E6D8850C-F50B-42E8-BE57-65C14A52A41B}.ExportRelease|Any CPU.ActiveCfg = Release|Any CPU
		{E6D8850C-F50B-42E8-BE57-65C14A52A41B}.ExportRelease|Any CPU.Build.0 = Release|Any CPU
		{E6D8850C-F50B-42E8-BE57-65C14A52A41B}.Release|Any CPU.ActiveCfg = Release|Any CPU
		{E6D8850C-F50B-42E8-BE57-65C14A52A41B}.Release|Any CPU.Build.0 = Release|Any CPU
	EndGlobalSection
	GlobalSection(SolutionProperties) = preSolution
		HideSolutionNode = FALSE
	EndGlobalSection
	GlobalSection(ExtensibilityGlobals) = postSolution
		SolutionGuid = {28EA3112-924C-410E-AD78-383228D24EAD}
	EndGlobalSection
EndGlobal
